
Microsoft Visual Studio Solution File, Format Version 12.00
# Visual Studio 15
VisualStudioVersion = 15.0.27130.2020
MinimumVisualStudioVersion = 10.0.40219.1
Project("{8BC9CEB8-8B4A-11D0-8D11-00A0C91BC942}") = "전역 지역 상수", "전역 지역 상수\전역 지역 상수.vcxproj", "{04A09CDF-E5A4-48E6-9493-928A0A033D21}"
EndProject
Global
	GlobalSection(SolutionConfigurationPlatforms) = preSolution
		Debug|x64 = Debug|x64
		Debug|x86 = Debug|x86
		Release|x64 = Release|x64
		Release|x86 = Release|x86
	EndGlobalSection
	GlobalSection(ProjectConfigurationPlatforms) = postSolution
		{04A09CDF-E5A4-48E6-9493-928A0A033D21}.Debug|x64.ActiveCfg = Debug|x64
		{04A09CDF-E5A4-48E6-9493-928A0A033D21}.Debug|x64.Build.0 = Debug|x64
		{04A09CDF-E5A4-48E6-9493-928A0A033D21}.Debug|x86.ActiveCfg = Debug|Win32
		{04A09CDF-E5A4-48E6-9493-928A0A033D21}.Debug|x86.Build.0 = Debug|Win32
		{04A09CDF-E5A4-48E6-9493-928A0A033D21}.Release|x64.ActiveCfg = Release|x64
		{04A09CDF-E5A4-48E6-9493-928A0A033D21}.Release|x64.Build.0 = Release|x64
		{04A09CDF-E5A4-48E6-9493-928A0A033D21}.Release|x86.ActiveCfg = Release|Win32
		{04A09CDF-E5A4-48E6-9493-928A0A033D21}.Release|x86.Build.0 = Release|Win32
	EndGlobalSection
	GlobalSection(SolutionProperties) = preSolution
		HideSolutionNode = FALSE
	EndGlobalSection
	GlobalSection(ExtensibilityGlobals) = postSolution
		SolutionGuid = {054B4372-87A3-484F-B03F-2404DDD68361}
	EndGlobalSection
EndGlobal
