
Microsoft Visual Studio Solution File, Format Version 12.00
# Visual Studio 15
VisualStudioVersion = 15.0.27130.2020
MinimumVisualStudioVersion = 10.0.40219.1
Project("{8BC9CEB8-8B4A-11D0-8D11-00A0C91BC942}") = "Sorting", "Sorting\Sorting.vcxproj", "{97378816-B524-4815-BDF6-3F1979A9496A}"
EndProject
Global
	GlobalSection(SolutionConfigurationPlatforms) = preSolution
		Debug|x64 = Debug|x64
		Debug|x86 = Debug|x86
		Release|x64 = Release|x64
		Release|x86 = Release|x86
	EndGlobalSection
	GlobalSection(ProjectConfigurationPlatforms) = postSolution
		{97378816-B524-4815-BDF6-3F1979A9496A}.Debug|x64.ActiveCfg = Debug|x64
		{97378816-B524-4815-BDF6-3F1979A9496A}.Debug|x64.Build.0 = Debug|x64
		{97378816-B524-4815-BDF6-3F1979A9496A}.Debug|x86.ActiveCfg = Debug|Win32
		{97378816-B524-4815-BDF6-3F1979A9496A}.Debug|x86.Build.0 = Debug|Win32
		{97378816-B524-4815-BDF6-3F1979A9496A}.Release|x64.ActiveCfg = Release|x64
		{97378816-B524-4815-BDF6-3F1979A9496A}.Release|x64.Build.0 = Release|x64
		{97378816-B524-4815-BDF6-3F1979A9496A}.Release|x86.ActiveCfg = Release|Win32
		{97378816-B524-4815-BDF6-3F1979A9496A}.Release|x86.Build.0 = Release|Win32
	EndGlobalSection
	GlobalSection(SolutionProperties) = preSolution
		HideSolutionNode = FALSE
	EndGlobalSection
	GlobalSection(ExtensibilityGlobals) = postSolution
		SolutionGuid = {A4534805-1184-4301-9A9E-D1DADC371058}
	EndGlobalSection
EndGlobal
