
Microsoft Visual Studio Solution File, Format Version 12.00
# Visual Studio 15
VisualStudioVersion = 15.0.26228.9
MinimumVisualStudioVersion = 10.0.40219.1
Project("{8BC9CEB8-8B4A-11D0-8D11-00A0C91BC942}") = "Ishma14(문자열 아스키코드 문자배열 소트정렬)", "Ishma14(문자열 아스키코드 문자배열 소트정렬)\Ishma14(문자열 아스키코드 문자배열 소트정렬).vcxproj", "{FD80D263-C396-4FDB-B4A8-AC1B7971DCED}"
EndProject
Global
	GlobalSection(SolutionConfigurationPlatforms) = preSolution
		Debug|x64 = Debug|x64
		Debug|x86 = Debug|x86
		Release|x64 = Release|x64
		Release|x86 = Release|x86
	EndGlobalSection
	GlobalSection(ProjectConfigurationPlatforms) = postSolution
		{FD80D263-C396-4FDB-B4A8-AC1B7971DCED}.Debug|x64.ActiveCfg = Debug|x64
		{FD80D263-C396-4FDB-B4A8-AC1B7971DCED}.Debug|x64.Build.0 = Debug|x64
		{FD80D263-C396-4FDB-B4A8-AC1B7971DCED}.Debug|x86.ActiveCfg = Debug|Win32
		{FD80D263-C396-4FDB-B4A8-AC1B7971DCED}.Debug|x86.Build.0 = Debug|Win32
		{FD80D263-C396-4FDB-B4A8-AC1B7971DCED}.Release|x64.ActiveCfg = Release|x64
		{FD80D263-C396-4FDB-B4A8-AC1B7971DCED}.Release|x64.Build.0 = Release|x64
		{FD80D263-C396-4FDB-B4A8-AC1B7971DCED}.Release|x86.ActiveCfg = Release|Win32
		{FD80D263-C396-4FDB-B4A8-AC1B7971DCED}.Release|x86.Build.0 = Release|Win32
	EndGlobalSection
	GlobalSection(SolutionProperties) = preSolution
		HideSolutionNode = FALSE
	EndGlobalSection
EndGlobal
