
Microsoft Visual Studio Solution File, Format Version 12.00
# Visual Studio 15
VisualStudioVersion = 15.0.27130.2020
MinimumVisualStudioVersion = 10.0.40219.1
Project("{8BC9CEB8-8B4A-11D0-8D11-00A0C91BC942}") = "1.2.3몸무게", "1.2.3몸무게\1.2.3몸무게.vcxproj", "{283FE791-9973-46DC-A0DA-76E13135801A}"
EndProject
Global
	GlobalSection(SolutionConfigurationPlatforms) = preSolution
		Debug|x64 = Debug|x64
		Debug|x86 = Debug|x86
		Release|x64 = Release|x64
		Release|x86 = Release|x86
	EndGlobalSection
	GlobalSection(ProjectConfigurationPlatforms) = postSolution
		{283FE791-9973-46DC-A0DA-76E13135801A}.Debug|x64.ActiveCfg = Debug|x64
		{283FE791-9973-46DC-A0DA-76E13135801A}.Debug|x64.Build.0 = Debug|x64
		{283FE791-9973-46DC-A0DA-76E13135801A}.Debug|x86.ActiveCfg = Debug|Win32
		{283FE791-9973-46DC-A0DA-76E13135801A}.Debug|x86.Build.0 = Debug|Win32
		{283FE791-9973-46DC-A0DA-76E13135801A}.Release|x64.ActiveCfg = Release|x64
		{283FE791-9973-46DC-A0DA-76E13135801A}.Release|x64.Build.0 = Release|x64
		{283FE791-9973-46DC-A0DA-76E13135801A}.Release|x86.ActiveCfg = Release|Win32
		{283FE791-9973-46DC-A0DA-76E13135801A}.Release|x86.Build.0 = Release|Win32
	EndGlobalSection
	GlobalSection(SolutionProperties) = preSolution
		HideSolutionNode = FALSE
	EndGlobalSection
	GlobalSection(ExtensibilityGlobals) = postSolution
		SolutionGuid = {A87238C9-1D48-4E5D-B36B-0528000F9EE6}
	EndGlobalSection
EndGlobal
