
Microsoft Visual Studio Solution File, Format Version 12.00
# Visual Studio 15
VisualStudioVersion = 15.0.27130.2020
MinimumVisualStudioVersion = 10.0.40219.1
Project("{8BC9CEB8-8B4A-11D0-8D11-00A0C91BC942}") = "2진수 8진수 16진수변환", "2진수 8진수 16진수변환\2진수 8진수 16진수변환.vcxproj", "{AA98ED2E-75B1-4FA9-8AAC-5F797420739A}"
EndProject
Global
	GlobalSection(SolutionConfigurationPlatforms) = preSolution
		Debug|x64 = Debug|x64
		Debug|x86 = Debug|x86
		Release|x64 = Release|x64
		Release|x86 = Release|x86
	EndGlobalSection
	GlobalSection(ProjectConfigurationPlatforms) = postSolution
		{AA98ED2E-75B1-4FA9-8AAC-5F797420739A}.Debug|x64.ActiveCfg = Debug|x64
		{AA98ED2E-75B1-4FA9-8AAC-5F797420739A}.Debug|x64.Build.0 = Debug|x64
		{AA98ED2E-75B1-4FA9-8AAC-5F797420739A}.Debug|x86.ActiveCfg = Debug|Win32
		{AA98ED2E-75B1-4FA9-8AAC-5F797420739A}.Debug|x86.Build.0 = Debug|Win32
		{AA98ED2E-75B1-4FA9-8AAC-5F797420739A}.Release|x64.ActiveCfg = Release|x64
		{AA98ED2E-75B1-4FA9-8AAC-5F797420739A}.Release|x64.Build.0 = Release|x64
		{AA98ED2E-75B1-4FA9-8AAC-5F797420739A}.Release|x86.ActiveCfg = Release|Win32
		{AA98ED2E-75B1-4FA9-8AAC-5F797420739A}.Release|x86.Build.0 = Release|Win32
	EndGlobalSection
	GlobalSection(SolutionProperties) = preSolution
		HideSolutionNode = FALSE
	EndGlobalSection
	GlobalSection(ExtensibilityGlobals) = postSolution
		SolutionGuid = {1CB1F161-5B16-4DEE-ABAE-E7C9C9CC7A76}
	EndGlobalSection
EndGlobal
